
Microsoft Visual Studio Solution File, Format Version 12.00
# Visual Studio Version 17
VisualStudioVersion = 17.9.34622.214
MinimumVisualStudioVersion = 10.0.40219.1
Project("{8BC9CEB8-8B4A-11D0-8D11-00A0C91BC942}") = "TheVault", "TheVault\TheVault.vcxproj", "{8DFC9D63-990C-4F6A-87E1-B2DCD13976AD}"
EndProject
Project("{8BC9CEB8-8B4A-11D0-8D11-00A0C91BC942}") = "Core", "GhostFries\Core\Core.vcxproj", "{605F4617-3907-46E3-BBC7-29A1F6C76983}"
EndProject
Project("{8BC9CEB8-8B4A-11D0-8D11-00A0C91BC942}") = "FileFormats", "GhostFries\FileFormats\FileFormats.vcxproj", "{3F154D8E-6F34-4F52-A87A-4B93CFF9137C}"
EndProject
Project("{8BC9CEB8-8B4A-11D0-8D11-00A0C91BC942}") = "Input", "GhostFries\Input\Input.vcxproj", "{D90BC244-F242-4E47-98E6-A18290005DB7}"
EndProject
Project("{8BC9CEB8-8B4A-11D0-8D11-00A0C91BC942}") = "PackFS", "GhostFries\PackFS\PackFS.vcxproj", "{9026FBE6-088C-4E01-B55E-E7FED997ED02}"
EndProject
Project("{8BC9CEB8-8B4A-11D0-8D11-00A0C91BC942}") = "Physics", "GhostFries\Physics\Physics.vcxproj", "{F1A16BEC-ACDB-4754-B622-8DB11441C296}"
EndProject
Project("{8BC9CEB8-8B4A-11D0-8D11-00A0C91BC942}") = "Graphics", "GhostFries\Render\Graphics.vcxproj", "{7AEACBD7-813D-41E9-8555-A55045B303C7}"
EndProject
Project("{8BC9CEB8-8B4A-11D0-8D11-00A0C91BC942}") = "Graphics2D", "GhostFries\Render2D\Render2D.vcxproj", "{2D1E9A33-7CB9-496F-8E07-0511E9E431BA}"
EndProject
Project("{8BC9CEB8-8B4A-11D0-8D11-00A0C91BC942}") = "SGPK", "GhostFries\SGPK\SGPK.vcxproj", "{EC2CB5F8-7A8D-4AF5-982C-0A6E4B411563}"
EndProject
Project("{8BC9CEB8-8B4A-11D0-8D11-00A0C91BC942}") = "SharedCore", "GhostFries\SharedCore\SharedCore.vcxproj", "{4903B93C-41A1-4B88-A8C5-C3AFB14F3D01}"
EndProject
Project("{8BC9CEB8-8B4A-11D0-8D11-00A0C91BC942}") = "Sounds", "GhostFries\SoundSys\Sounds.vcxproj", "{F9FE1D95-EE25-4D8F-A30E-EE4836DFCECF}"
EndProject
Project("{8BC9CEB8-8B4A-11D0-8D11-00A0C91BC942}") = "AssetConverter", "GhostFries\AssetConverter\AssetConverter.vcxproj", "{884B31AB-9017-4D94-840A-59E548FF7511}"
EndProject
Global
	GlobalSection(SolutionConfigurationPlatforms) = preSolution
		Debug|x64 = Debug|x64
		Release|x64 = Release|x64
	EndGlobalSection
	GlobalSection(ProjectConfigurationPlatforms) = postSolution
		{8DFC9D63-990C-4F6A-87E1-B2DCD13976AD}.Debug|x64.ActiveCfg = Debug|x64
		{8DFC9D63-990C-4F6A-87E1-B2DCD13976AD}.Debug|x64.Build.0 = Debug|x64
		{8DFC9D63-990C-4F6A-87E1-B2DCD13976AD}.Release|x64.ActiveCfg = Release|x64
		{8DFC9D63-990C-4F6A-87E1-B2DCD13976AD}.Release|x64.Build.0 = Release|x64
		{605F4617-3907-46E3-BBC7-29A1F6C76983}.Debug|x64.ActiveCfg = Debug|x64
		{605F4617-3907-46E3-BBC7-29A1F6C76983}.Debug|x64.Build.0 = Debug|x64
		{605F4617-3907-46E3-BBC7-29A1F6C76983}.Release|x64.ActiveCfg = Release|x64
		{605F4617-3907-46E3-BBC7-29A1F6C76983}.Release|x64.Build.0 = Release|x64
		{3F154D8E-6F34-4F52-A87A-4B93CFF9137C}.Debug|x64.ActiveCfg = Debug|x64
		{3F154D8E-6F34-4F52-A87A-4B93CFF9137C}.Debug|x64.Build.0 = Debug|x64
		{3F154D8E-6F34-4F52-A87A-4B93CFF9137C}.Release|x64.ActiveCfg = Release|x64
		{3F154D8E-6F34-4F52-A87A-4B93CFF9137C}.Release|x64.Build.0 = Release|x64
		{D90BC244-F242-4E47-98E6-A18290005DB7}.Debug|x64.ActiveCfg = Debug|x64
		{D90BC244-F242-4E47-98E6-A18290005DB7}.Debug|x64.Build.0 = Debug|x64
		{D90BC244-F242-4E47-98E6-A18290005DB7}.Release|x64.ActiveCfg = Release|x64
		{D90BC244-F242-4E47-98E6-A18290005DB7}.Release|x64.Build.0 = Release|x64
		{9026FBE6-088C-4E01-B55E-E7FED997ED02}.Debug|x64.ActiveCfg = Debug|x64
		{9026FBE6-088C-4E01-B55E-E7FED997ED02}.Debug|x64.Build.0 = Debug|x64
		{9026FBE6-088C-4E01-B55E-E7FED997ED02}.Release|x64.ActiveCfg = Release|x64
		{9026FBE6-088C-4E01-B55E-E7FED997ED02}.Release|x64.Build.0 = Release|x64
		{F1A16BEC-ACDB-4754-B622-8DB11441C296}.Debug|x64.ActiveCfg = Debug|x64
		{F1A16BEC-ACDB-4754-B622-8DB11441C296}.Debug|x64.Build.0 = Debug|x64
		{F1A16BEC-ACDB-4754-B622-8DB11441C296}.Release|x64.ActiveCfg = Release|x64
		{F1A16BEC-ACDB-4754-B622-8DB11441C296}.Release|x64.Build.0 = Release|x64
		{7AEACBD7-813D-41E9-8555-A55045B303C7}.Debug|x64.ActiveCfg = Debug|x64
		{7AEACBD7-813D-41E9-8555-A55045B303C7}.Debug|x64.Build.0 = Debug|x64
		{7AEACBD7-813D-41E9-8555-A55045B303C7}.Release|x64.ActiveCfg = Release|x64
		{7AEACBD7-813D-41E9-8555-A55045B303C7}.Release|x64.Build.0 = Release|x64
		{2D1E9A33-7CB9-496F-8E07-0511E9E431BA}.Debug|x64.ActiveCfg = Debug|x64
		{2D1E9A33-7CB9-496F-8E07-0511E9E431BA}.Debug|x64.Build.0 = Debug|x64
		{2D1E9A33-7CB9-496F-8E07-0511E9E431BA}.Release|x64.ActiveCfg = Release|x64
		{2D1E9A33-7CB9-496F-8E07-0511E9E431BA}.Release|x64.Build.0 = Release|x64
		{EC2CB5F8-7A8D-4AF5-982C-0A6E4B411563}.Debug|x64.ActiveCfg = Debug|x64
		{EC2CB5F8-7A8D-4AF5-982C-0A6E4B411563}.Debug|x64.Build.0 = Debug|x64
		{EC2CB5F8-7A8D-4AF5-982C-0A6E4B411563}.Release|x64.ActiveCfg = Release|x64
		{EC2CB5F8-7A8D-4AF5-982C-0A6E4B411563}.Release|x64.Build.0 = Release|x64
		{4903B93C-41A1-4B88-A8C5-C3AFB14F3D01}.Debug|x64.ActiveCfg = Debug|x64
		{4903B93C-41A1-4B88-A8C5-C3AFB14F3D01}.Debug|x64.Build.0 = Debug|x64
		{4903B93C-41A1-4B88-A8C5-C3AFB14F3D01}.Release|x64.ActiveCfg = Release|x64
		{4903B93C-41A1-4B88-A8C5-C3AFB14F3D01}.Release|x64.Build.0 = Release|x64
		{F9FE1D95-EE25-4D8F-A30E-EE4836DFCECF}.Debug|x64.ActiveCfg = Debug|x64
		{F9FE1D95-EE25-4D8F-A30E-EE4836DFCECF}.Debug|x64.Build.0 = Debug|x64
		{F9FE1D95-EE25-4D8F-A30E-EE4836DFCECF}.Release|x64.ActiveCfg = Release|x64
		{F9FE1D95-EE25-4D8F-A30E-EE4836DFCECF}.Release|x64.Build.0 = Release|x64
		{884B31AB-9017-4D94-840A-59E548FF7511}.Debug|x64.ActiveCfg = Debug|x64
		{884B31AB-9017-4D94-840A-59E548FF7511}.Debug|x64.Build.0 = Debug|x64
		{884B31AB-9017-4D94-840A-59E548FF7511}.Release|x64.ActiveCfg = Release|x64
		{884B31AB-9017-4D94-840A-59E548FF7511}.Release|x64.Build.0 = Release|x64
	EndGlobalSection
	GlobalSection(SolutionProperties) = preSolution
		HideSolutionNode = FALSE
	EndGlobalSection
	GlobalSection(ExtensibilityGlobals) = postSolution
		SolutionGuid = {EE81474D-B57A-4A91-9D0F-B4D965D7A38D}
	EndGlobalSection
EndGlobal
