<?xml version="1.0" encoding="utf-8"?>
<Project ToolsVersion="4.0" xmlns="http://schemas.microsoft.com/developer/msbuild/2003">
  <ItemGroup>
    <Filter Include="App">
      <UniqueIdentifier>{6ff0e869-1856-4713-b20a-b0c861177375}</UniqueIdentifier>
    </Filter>
    <Filter Include="GUI">
      <UniqueIdentifier>{7ed5b36d-ca66-49e0-8ea5-485cf63455e2}</UniqueIdentifier>
    </Filter>
    <Filter Include="Utils">
      <UniqueIdentifier>{f70d620c-0594-4ac1-8c84-b0c9650e1c6a}</UniqueIdentifier>
    </Filter>
    <Filter Include="Vault">
      <UniqueIdentifier>{83b39b69-1ca5-4a28-ae30-582bbf429c02}</UniqueIdentifier>
    </Filter>
    <Filter Include="GUI\Applets">
      <UniqueIdentifier>{27e93e62-3287-4427-8682-0e94f1ef71f8}</UniqueIdentifier>
    </Filter>
  </ItemGroup>
  <ItemGroup>
    <ClCompile Include="GUI\GUIManager.cpp">
      <Filter>GUI</Filter>
    </ClCompile>
    <ClCompile Include="App\PassManager.cpp">
      <Filter>App</Filter>
    </ClCompile>
    <ClCompile Include="App\main.cpp">
      <Filter>App</Filter>
    </ClCompile>
    <ClCompile Include="Utils\WinApi.cpp">
      <Filter>Utils</Filter>
    </ClCompile>
    <ClCompile Include="Utils\StringUtils.cpp">
      <Filter>Utils</Filter>
    </ClCompile>
    <ClCompile Include="Vault\VaultKeeper.cpp">
      <Filter>Vault</Filter>
    </ClCompile>
    <ClCompile Include="Vault\Crypto.cpp">
      <Filter>Vault</Filter>
    </ClCompile>
    <ClCompile Include="Vault\Vault.cpp">
      <Filter>Vault</Filter>
    </ClCompile>
    <ClCompile Include="GUI\MainWindow.cpp">
      <Filter>GUI</Filter>
    </ClCompile>
    <ClCompile Include="GUI\Applets\LoginApplet.cpp">
      <Filter>GUI\Applets</Filter>
    </ClCompile>
    <ClCompile Include="GUI\Applets\MainApplet.cpp">
      <Filter>GUI\Applets</Filter>
    </ClCompile>
    <ClCompile Include="GUI\Applets\ProcessApplet.cpp">
      <Filter>GUI\Applets</Filter>
    </ClCompile>
    <ClCompile Include="GUI\Applets\WelcomeApplet.cpp">
      <Filter>GUI\Applets</Filter>
    </ClCompile>
    <ClCompile Include="GUI\Applets\ErrorApplet.cpp">
      <Filter>GUI\Applets</Filter>
    </ClCompile>
    <ClCompile Include="GUI\Applets\LockApplet.cpp">
      <Filter>GUI\Applets</Filter>
    </ClCompile>
  </ItemGroup>
  <ItemGroup>
    <ClInclude Include="GUI\GUIManager.h">
      <Filter>GUI</Filter>
    </ClInclude>
    <ClInclude Include="GUI\IRender.h">
      <Filter>GUI</Filter>
    </ClInclude>
    <ClInclude Include="App\PassManager.h">
      <Filter>App</Filter>
    </ClInclude>
    <ClInclude Include="App\UnsavedState.h">
      <Filter>App</Filter>
    </ClInclude>
    <ClInclude Include="App\Game.h">
      <Filter>App</Filter>
    </ClInclude>
    <ClInclude Include="Utils\StringUtils.h">
      <Filter>Utils</Filter>
    </ClInclude>
    <ClInclude Include="Utils\WinApi.h">
      <Filter>Utils</Filter>
    </ClInclude>
    <ClInclude Include="Vault\Vault.h">
      <Filter>Vault</Filter>
    </ClInclude>
    <ClInclude Include="Vault\VaultKeeper.h">
      <Filter>Vault</Filter>
    </ClInclude>
    <ClInclude Include="Vault\Crypto.h">
      <Filter>Vault</Filter>
    </ClInclude>
    <ClInclude Include="GUI\MainWindow.h">
      <Filter>GUI</Filter>
    </ClInclude>
    <ClInclude Include="GUI\Applets\LoginApplet.h">
      <Filter>GUI\Applets</Filter>
    </ClInclude>
    <ClInclude Include="GUI\Applets\MainApplet.h">
      <Filter>GUI\Applets</Filter>
    </ClInclude>
    <ClInclude Include="GUI\Applets\ProcessApplet.h">
      <Filter>GUI\Applets</Filter>
    </ClInclude>
    <ClInclude Include="GUI\Applets\WelcomeApplet.h">
      <Filter>GUI\Applets</Filter>
    </ClInclude>
    <ClInclude Include="GUI\Applets\ErrorApplet.h">
      <Filter>GUI\Applets</Filter>
    </ClInclude>
    <ClInclude Include="GUI\Applets\IApplet.h">
      <Filter>GUI\Applets</Filter>
    </ClInclude>
    <ClInclude Include="GUI\Applets\LockApplet.h">
      <Filter>GUI\Applets</Filter>
    </ClInclude>
    <ClInclude Include="Utils\SecureArray.h">
      <Filter>Utils</Filter>
    </ClInclude>
    <ClInclude Include="Utils\ImGuiUtils.h">
      <Filter>Utils</Filter>
    </ClInclude>
  </ItemGroup>
</Project>